
Microsoft Visual Studio Solution File, Format Version 12.00
# Visual Studio Version 17
VisualStudioVersion = 17.0.31903.59
MinimumVisualStudioVersion = 10.0.40219.1
Project("{FAE04EC0-301F-11D3-BF4B-00C04F79EFBC}") = "SalesOrders.Api", "SalesOrders.Api\SalesOrders.Api.csproj", "{1DA2FDD0-6A10-4887-BF2E-F1256B1CAD2D}"
EndProject
Project("{FAE04EC0-301F-11D3-BF4B-00C04F79EFBC}") = "SalesOrders.Contracts", "SalesOrders.Contracts\SalesOrders.Contracts.csproj", "{BD6A08C4-2169-445E-9599-0FB7FE39F747}"
EndProject
Project("{FAE04EC0-301F-11D3-BF4B-00C04F79EFBC}") = "SalesOrders.Client", "SalesOrders.Client\SalesOrders.Client.csproj", "{0F80E3F8-C167-4818-A015-4381D18C96E4}"
EndProject
Global
	GlobalSection(SolutionConfigurationPlatforms) = preSolution
		Debug|Any CPU = Debug|Any CPU
		Release|Any CPU = Release|Any CPU
	EndGlobalSection
	GlobalSection(ProjectConfigurationPlatforms) = postSolution
		{1DA2FDD0-6A10-4887-BF2E-F1256B1CAD2D}.Debug|Any CPU.ActiveCfg = Debug|Any CPU
		{1DA2FDD0-6A10-4887-BF2E-F1256B1CAD2D}.Debug|Any CPU.Build.0 = Debug|Any CPU
		{1DA2FDD0-6A10-4887-BF2E-F1256B1CAD2D}.Release|Any CPU.ActiveCfg = Release|Any CPU
		{1DA2FDD0-6A10-4887-BF2E-F1256B1CAD2D}.Release|Any CPU.Build.0 = Release|Any CPU
		{BD6A08C4-2169-445E-9599-0FB7FE39F747}.Debug|Any CPU.ActiveCfg = Debug|Any CPU
		{BD6A08C4-2169-445E-9599-0FB7FE39F747}.Debug|Any CPU.Build.0 = Debug|Any CPU
		{BD6A08C4-2169-445E-9599-0FB7FE39F747}.Release|Any CPU.ActiveCfg = Release|Any CPU
		{BD6A08C4-2169-445E-9599-0FB7FE39F747}.Release|Any CPU.Build.0 = Release|Any CPU
		{0F80E3F8-C167-4818-A015-4381D18C96E4}.Debug|Any CPU.ActiveCfg = Debug|Any CPU
		{0F80E3F8-C167-4818-A015-4381D18C96E4}.Debug|Any CPU.Build.0 = Debug|Any CPU
		{0F80E3F8-C167-4818-A015-4381D18C96E4}.Release|Any CPU.ActiveCfg = Release|Any CPU
		{0F80E3F8-C167-4818-A015-4381D18C96E4}.Release|Any CPU.Build.0 = Release|Any CPU
	EndGlobalSection
	GlobalSection(SolutionProperties) = preSolution
		HideSolutionNode = FALSE
	EndGlobalSection
	GlobalSection(ExtensibilityGlobals) = postSolution
		SolutionGuid = {387ABAD3-06D9-4FA5-ACAF-E162CD57E27C}
	EndGlobalSection
EndGlobal
